{
  "name": "nodejs-tdlib-login-example",
  "version": "1.0.0",
  "lockfileVersion": 1,
  "requires": true,
  "dependencies": {
    "bindings": {
      "version": "1.3.1",
      "resolved": "https://registry.npmjs.org/bindings/-/bindings-1.3.1.tgz",
      "integrity": "sha512-i47mqjF9UbjxJhxGf+pZ6kSxrnI3wBLlnGI2ArWJ4r0VrvDS7ZYXkprq/pLaBWYq4GM0r4zdHY+NNRqEMU7uew=="
    },
    "concurrify": {
      "version": "1.1.1",
      "resolved": "https://registry.npmjs.org/concurrify/-/concurrify-1.1.1.tgz",
      "integrity": "sha512-m2UMqZAJ7Ys4Juu0IaToa/RbVuu5jR8dGVrwUOeQtfJjX0KDimUdPZ20tVrdSuqJwLaFbpI+lWxOmZSYxyCvmQ==",
      "optional": true,
      "requires": {
        "sanctuary-show": "^1.0.0",
        "sanctuary-type-identifiers": "^2.0.0"
      }
    },
    "debug": {
      "version": "3.2.6",
      "resolved": "https://registry.npmjs.org/debug/-/debug-3.2.6.tgz",
      "integrity": "sha512-mel+jf7nrtEl5Pn1Qx46zARXKDpBbvzezse7p7LqINmdoIk8PYP5SySaxEmYv6TZ0JyEKA1hsCId6DIhgITtWQ==",
      "requires": {
        "ms": "^2.1.1"
      }
    },
    "denque": {
      "version": "1.4.0",
      "resolved": "https://registry.npmjs.org/denque/-/denque-1.4.0.tgz",
      "integrity": "sha512-gh513ac7aiKrAgjiIBWZG0EASyDF9p4JMWwKA8YU5s9figrL5SRNEMT6FDynsegakuhWd1wVqTvqvqAoDxw7wQ==",
      "optional": true
    },
    "eventemitter3": {
      "version": "3.1.0",
      "resolved": "https://registry.npmjs.org/eventemitter3/-/eventemitter3-3.1.0.tgz",
      "integrity": "sha512-ivIvhpq/Y0uSjcHDcOIccjmYjGLcP09MFGE7ysAwkAvkXfpZlC985pH2/ui64DKazbTW/4kN3yqozUxlXzI6cA=="
    },
    "ffi-napi": {
      "version": "2.4.4",
      "resolved": "https://registry.npmjs.org/ffi-napi/-/ffi-napi-2.4.4.tgz",
      "integrity": "sha512-h+NoqCCRW3K1Ft4cQLcVfMG3UuLZJbFZNyCueds2EDipHyG+HGcCe0MFEV0Meklc/XwZVkQ8UydQFdwjS0zG5g==",
      "requires": {
        "bindings": "^1.3.0",
        "debug": "^3.1.0",
        "get-uv-event-loop-napi-h": "^1.0.5",
        "node-addon-api": "1.5.0",
        "ref-napi": "^1.4.0",
        "ref-struct-di": "^1.1.0"
      }
    },
    "fluture": {
      "version": "8.0.2",
      "resolved": "https://registry.npmjs.org/fluture/-/fluture-8.0.2.tgz",
      "integrity": "sha512-RqYYwq0U+/yBOU+5qHmlNK/qZVU1xwSpRqSVDTt8SXUVhdFJuxRcda/u/YHL/BhGoJ4L3ETA9Y/OuyTF4Q5rLw==",
      "optional": true,
      "requires": {
        "concurrify": "^1.0.0",
        "denque": "^1.1.1",
        "inspect-f": "^1.2.0",
        "sanctuary-type-classes": "^8.0.0",
        "sanctuary-type-identifiers": "^2.0.0"
      }
    },
    "get-symbol-from-current-process-h": {
      "version": "1.0.1",
      "resolved": "https://registry.npmjs.org/get-symbol-from-current-process-h/-/get-symbol-from-current-process-h-1.0.1.tgz",
      "integrity": "sha512-QvP1+tCDjgTiu+akjdEYd8eK8MFYy6nRCRNjfiCeQB9RJEHQZpN+WE+CVqPRNqjIVMwSqd0WiD008B+b7iIdaA=="
    },
    "get-uv-event-loop-napi-h": {
      "version": "1.0.5",
      "resolved": "https://registry.npmjs.org/get-uv-event-loop-napi-h/-/get-uv-event-loop-napi-h-1.0.5.tgz",
      "integrity": "sha512-uWDHId313vRTyqeLhlLWJS0CJOP8QXY5en/9Pv14dnPvAlRfKBfD6h2EDtoy7jxxOIWB9QgzYK16VCN3pCZOBg==",
      "requires": {
        "get-symbol-from-current-process-h": "^1.0.1"
      }
    },
    "inspect-f": {
      "version": "1.2.2",
      "resolved": "https://registry.npmjs.org/inspect-f/-/inspect-f-1.2.2.tgz",
      "integrity": "sha512-kHR/iUJ670cg9QLeoEhyzp/kqzBnPvXfzl+wE72+sOPuVv1vfXBwvWIFcr8DqnNSN44SDw9U41m4HEUSam1K2A==",
      "optional": true
    },
    "ms": {
      "version": "2.1.1",
      "resolved": "https://registry.npmjs.org/ms/-/ms-2.1.1.tgz",
      "integrity": "sha512-tgp+dl5cGk28utYktBsrFqA7HKgrhgPsg6Z/EfhWI4gl1Hwq8B/GmY/0oXZ6nF8hDVesS/FpnYaD/kOWhYQvyg=="
    },
    "mute-stream": {
      "version": "0.0.8",
      "resolved": "https://registry.npmjs.org/mute-stream/-/mute-stream-0.0.8.tgz",
      "integrity": "sha512-nnbWWOkoWyUsTjKrhgD0dcz22mdkSnpYqbEjIm2nhwhuxlSkpywJmBo8h0ZqJdkp73mb90SssHkN4rsRaBAfAA=="
    },
    "node-addon-api": {
      "version": "1.5.0",
      "resolved": "https://registry.npmjs.org/node-addon-api/-/node-addon-api-1.5.0.tgz",
      "integrity": "sha512-YsL/8dpBWxCFj3wAVAa/ceN4TlT8lACK8EgpuN0q/4ecflWHDuKpodb+tt7Rx22r/6FJ2f+IT25XSsXnZGwYgA=="
    },
    "pify": {
      "version": "3.0.0",
      "resolved": "https://registry.npmjs.org/pify/-/pify-3.0.0.tgz",
      "integrity": "sha1-5aSs0sEB/fPZpNB/DbxNtJ3SgXY="
    },
    "promptly": {
      "version": "3.0.3",
      "resolved": "https://registry.npmjs.org/promptly/-/promptly-3.0.3.tgz",
      "integrity": "sha512-EWnzOsxVKUjqKeE6SStH1/cO4+DE44QolaoJ4ojGd9z6pcNkpgfJKr1ncwxrOFHSTIzoudo7jG8y0re30/LO1g==",
      "requires": {
        "pify": "^3.0.0",
        "read": "^1.0.4"
      }
    },
    "ramda": {
      "version": "0.25.0",
      "resolved": "https://registry.npmjs.org/ramda/-/ramda-0.25.0.tgz",
      "integrity": "sha512-GXpfrYVPwx3K7RQ6aYT8KPS8XViSXUVJT1ONhoKPE9VAleW42YE+U+8VEyGWt41EnEQW7gwecYJriTI0pKoecQ=="
    },
    "read": {
      "version": "1.0.7",
      "resolved": "https://registry.npmjs.org/read/-/read-1.0.7.tgz",
      "integrity": "sha1-s9oZvQUkMal2cdRKQmNK33ELQMQ=",
      "requires": {
        "mute-stream": "~0.0.4"
      }
    },
    "ref-napi": {
      "version": "1.4.1",
      "resolved": "https://registry.npmjs.org/ref-napi/-/ref-napi-1.4.1.tgz",
      "integrity": "sha512-7AK1YNzEO2z8DLFPTf+AvOViCUgLK0stM4hnR0HWLb71Bo10UJWIpMDN3Tz7BNnUJhsj2pHWfjxugcaRvCF7zA==",
      "requires": {
        "bindings": "^1.3.0",
        "debug": "^3.1.0",
        "node-addon-api": "^1.6.2"
      },
      "dependencies": {
        "node-addon-api": {
          "version": "1.6.2",
          "resolved": "https://registry.npmjs.org/node-addon-api/-/node-addon-api-1.6.2.tgz",
          "integrity": "sha512-479Bjw9nTE5DdBSZZWprFryHGjUaQC31y1wHo19We/k0BZlrmhqQitWoUL0cD8+scljCbIUL+E58oRDEakdGGA=="
        }
      }
    },
    "ref-struct-di": {
      "version": "1.1.0",
      "resolved": "https://registry.npmjs.org/ref-struct-di/-/ref-struct-di-1.1.0.tgz",
      "integrity": "sha512-gghZITj/iQwdwFDduZ6T8kL2B2ogInlOz7AOB0ggFoEc7akAKMcDrbzh3OIPk13Kxy8U2bHPvN6nejcBh4jN7A==",
      "requires": {
        "debug": "^3.1.0"
      }
    },
    "sanctuary-show": {
      "version": "1.0.0",
      "resolved": "https://registry.npmjs.org/sanctuary-show/-/sanctuary-show-1.0.0.tgz",
      "integrity": "sha512-63UqNGr5M6wkzKp6eGc/Gy6JBIV2PbzPd3q88+0F9z0qydAQsCWJ+7e4oor39rEEwj2GkZMDEhqGuiMl9eEnYw==",
      "optional": true
    },
    "sanctuary-type-classes": {
      "version": "8.2.1",
      "resolved": "https://registry.npmjs.org/sanctuary-type-classes/-/sanctuary-type-classes-8.2.1.tgz",
      "integrity": "sha512-5HRd/Nvif23Kl4iIIOof1HRcxnZMqiJvjsBjB/Ag0suHJtfi7bfjjLDVl2XEBTMmmeUvaW+ZErKrGwk7dHoorg==",
      "optional": true,
      "requires": {
        "sanctuary-type-identifiers": "1.0.x"
      },
      "dependencies": {
        "sanctuary-type-identifiers": {
          "version": "1.0.0",
          "resolved": "https://registry.npmjs.org/sanctuary-type-identifiers/-/sanctuary-type-identifiers-1.0.0.tgz",
          "integrity": "sha1-6PNZ8AbLXmJM+4RkYD/BFGCL3p8=",
          "optional": true
        }
      }
    },
    "sanctuary-type-identifiers": {
      "version": "2.0.1",
      "resolved": "https://registry.npmjs.org/sanctuary-type-identifiers/-/sanctuary-type-identifiers-2.0.1.tgz",
      "integrity": "sha1-/FJM9t2Szr/LsN2VCe/xkxWaIO0="
    },
    "tdl": {
      "version": "6.0.0-rc.2",
      "resolved": "https://registry.npmjs.org/tdl/-/tdl-6.0.0-rc.2.tgz",
      "integrity": "sha512-8S8q6wABrQsZ585vkEtyAEwMqx4GF4dHlL4YAYgd5XaTb6qP3V741NhvwJzSLC+IzZC1Yw2Mr4DS4wThapt7VA==",
      "requires": {
        "debug": "^3.1.0",
        "eventemitter3": "^3.0.1",
        "fluture": "^8.0.2",
        "promptly": "^3.0.3",
        "ramda": "^0.25.0",
        "tdl-shared": "^0.5.0"
      }
    },
    "tdl-shared": {
      "version": "0.5.0",
      "resolved": "https://registry.npmjs.org/tdl-shared/-/tdl-shared-0.5.0.tgz",
      "integrity": "sha512-Ltckv9CIcOERhKTis8ejyyzc3MZqKNnMeUc8u6R2YMPqZ0XIvEzxkC8ScNS61WKuPp5eKnESWDIwJ3GBF3nSOA=="
    },
    "tdl-tdlib-ffi": {
      "version": "0.2.0",
      "resolved": "https://registry.npmjs.org/tdl-tdlib-ffi/-/tdl-tdlib-ffi-0.2.0.tgz",
      "integrity": "sha512-ouu5v0yJhQDsR5tZDbhf7EqtxHk+ZwpPkZUalHaNugEjkQJ1tHQrHfKVM1su2ev6Nmd9DgXWxMWfCzYX06bmhQ==",
      "requires": {
        "debug": "^3.1.0",
        "ffi-napi": "^2.4.4",
        "ref-napi": "^1.4.0",
        "tdl-shared": "^0.5.0"
      }
    }
  }
}
